
Microsoft Visual Studio Solution File, Format Version 12.00
# Visual Studio 15
VisualStudioVersion = 15.0.27703.2018
MinimumVisualStudioVersion = 10.0.40219.1
Project("{FAE04EC0-301F-11D3-BF4B-00C04F79EFBC}") = "Eulampia.Android", "Eulampia\Eulampia.Android\Eulampia.Android.csproj", "{E5C21A68-C3ED-4C93-A229-8C340DF88D96}"
EndProject
Project("{FAE04EC0-301F-11D3-BF4B-00C04F79EFBC}") = "Eulampia.iOS", "Eulampia\Eulampia.iOS\Eulampia.iOS.csproj", "{F131BDB1-F4F9-47A2-B8CE-3A4FF7361965}"
EndProject
Project("{FAE04EC0-301F-11D3-BF4B-00C04F79EFBC}") = "Eulampia", "Eulampia\Eulampia\Eulampia.csproj", "{BBFFAECA-73DE-47F0-8F8D-880F8C82F5D7}"
EndProject
Global
	GlobalSection(SolutionConfigurationPlatforms) = preSolution
		Ad-Hoc|Any CPU = Ad-Hoc|Any CPU
		Ad-Hoc|iPhone = Ad-Hoc|iPhone
		Ad-Hoc|iPhoneSimulator = Ad-Hoc|iPhoneSimulator
		AppStore|Any CPU = AppStore|Any CPU
		AppStore|iPhone = AppStore|iPhone
		AppStore|iPhoneSimulator = AppStore|iPhoneSimulator
		Debug|Any CPU = Debug|Any CPU
		Debug|iPhone = Debug|iPhone
		Debug|iPhoneSimulator = Debug|iPhoneSimulator
		Release|Any CPU = Release|Any CPU
		Release|iPhone = Release|iPhone
		Release|iPhoneSimulator = Release|iPhoneSimulator
	EndGlobalSection
	GlobalSection(ProjectConfigurationPlatforms) = postSolution
		{E5C21A68-C3ED-4C93-A229-8C340DF88D96}.Ad-Hoc|Any CPU.ActiveCfg = Release|Any CPU
		{E5C21A68-C3ED-4C93-A229-8C340DF88D96}.Ad-Hoc|Any CPU.Build.0 = Release|Any CPU
		{E5C21A68-C3ED-4C93-A229-8C340DF88D96}.Ad-Hoc|Any CPU.Deploy.0 = Release|Any CPU
		{E5C21A68-C3ED-4C93-A229-8C340DF88D96}.Ad-Hoc|iPhone.ActiveCfg = Release|Any CPU
		{E5C21A68-C3ED-4C93-A229-8C340DF88D96}.Ad-Hoc|iPhone.Build.0 = Release|Any CPU
		{E5C21A68-C3ED-4C93-A229-8C340DF88D96}.Ad-Hoc|iPhone.Deploy.0 = Release|Any CPU
		{E5C21A68-C3ED-4C93-A229-8C340DF88D96}.Ad-Hoc|iPhoneSimulator.ActiveCfg = Release|Any CPU
		{E5C21A68-C3ED-4C93-A229-8C340DF88D96}.Ad-Hoc|iPhoneSimulator.Build.0 = Release|Any CPU
		{E5C21A68-C3ED-4C93-A229-8C340DF88D96}.Ad-Hoc|iPhoneSimulator.Deploy.0 = Release|Any CPU
		{E5C21A68-C3ED-4C93-A229-8C340DF88D96}.AppStore|Any CPU.ActiveCfg = Release|Any CPU
		{E5C21A68-C3ED-4C93-A229-8C340DF88D96}.AppStore|Any CPU.Build.0 = Release|Any CPU
		{E5C21A68-C3ED-4C93-A229-8C340DF88D96}.AppStore|Any CPU.Deploy.0 = Release|Any CPU
		{E5C21A68-C3ED-4C93-A229-8C340DF88D96}.AppStore|iPhone.ActiveCfg = Release|Any CPU
		{E5C21A68-C3ED-4C93-A229-8C340DF88D96}.AppStore|iPhone.Build.0 = Release|Any CPU
		{E5C21A68-C3ED-4C93-A229-8C340DF88D96}.AppStore|iPhone.Deploy.0 = Release|Any CPU
		{E5C21A68-C3ED-4C93-A229-8C340DF88D96}.AppStore|iPhoneSimulator.ActiveCfg = Release|Any CPU
		{E5C21A68-C3ED-4C93-A229-8C340DF88D96}.AppStore|iPhoneSimulator.Build.0 = Release|Any CPU
		{E5C21A68-C3ED-4C93-A229-8C340DF88D96}.AppStore|iPhoneSimulator.Deploy.0 = Release|Any CPU
		{E5C21A68-C3ED-4C93-A229-8C340DF88D96}.Debug|Any CPU.ActiveCfg = Debug|Any CPU
		{E5C21A68-C3ED-4C93-A229-8C340DF88D96}.Debug|Any CPU.Build.0 = Debug|Any CPU
		{E5C21A68-C3ED-4C93-A229-8C340DF88D96}.Debug|Any CPU.Deploy.0 = Debug|Any CPU
		{E5C21A68-C3ED-4C93-A229-8C340DF88D96}.Debug|iPhone.ActiveCfg = Debug|Any CPU
		{E5C21A68-C3ED-4C93-A229-8C340DF88D96}.Debug|iPhone.Build.0 = Debug|Any CPU
		{E5C21A68-C3ED-4C93-A229-8C340DF88D96}.Debug|iPhone.Deploy.0 = Debug|Any CPU
		{E5C21A68-C3ED-4C93-A229-8C340DF88D96}.Debug|iPhoneSimulator.ActiveCfg = Debug|Any CPU
		{E5C21A68-C3ED-4C93-A229-8C340DF88D96}.Debug|iPhoneSimulator.Build.0 = Debug|Any CPU
		{E5C21A68-C3ED-4C93-A229-8C340DF88D96}.Debug|iPhoneSimulator.Deploy.0 = Debug|Any CPU
		{E5C21A68-C3ED-4C93-A229-8C340DF88D96}.Release|Any CPU.ActiveCfg = Release|Any CPU
		{E5C21A68-C3ED-4C93-A229-8C340DF88D96}.Release|Any CPU.Build.0 = Release|Any CPU
		{E5C21A68-C3ED-4C93-A229-8C340DF88D96}.Release|Any CPU.Deploy.0 = Release|Any CPU
		{E5C21A68-C3ED-4C93-A229-8C340DF88D96}.Release|iPhone.ActiveCfg = Release|Any CPU
		{E5C21A68-C3ED-4C93-A229-8C340DF88D96}.Release|iPhone.Build.0 = Release|Any CPU
		{E5C21A68-C3ED-4C93-A229-8C340DF88D96}.Release|iPhone.Deploy.0 = Release|Any CPU
		{E5C21A68-C3ED-4C93-A229-8C340DF88D96}.Release|iPhoneSimulator.ActiveCfg = Release|Any CPU
		{E5C21A68-C3ED-4C93-A229-8C340DF88D96}.Release|iPhoneSimulator.Build.0 = Release|Any CPU
		{E5C21A68-C3ED-4C93-A229-8C340DF88D96}.Release|iPhoneSimulator.Deploy.0 = Release|Any CPU
		{F131BDB1-F4F9-47A2-B8CE-3A4FF7361965}.Ad-Hoc|Any CPU.ActiveCfg = Ad-Hoc|iPhone
		{F131BDB1-F4F9-47A2-B8CE-3A4FF7361965}.Ad-Hoc|Any CPU.Build.0 = Ad-Hoc|iPhone
		{F131BDB1-F4F9-47A2-B8CE-3A4FF7361965}.Ad-Hoc|Any CPU.Deploy.0 = Ad-Hoc|iPhone
		{F131BDB1-F4F9-47A2-B8CE-3A4FF7361965}.Ad-Hoc|iPhone.ActiveCfg = Ad-Hoc|iPhone
		{F131BDB1-F4F9-47A2-B8CE-3A4FF7361965}.Ad-Hoc|iPhone.Build.0 = Ad-Hoc|iPhone
		{F131BDB1-F4F9-47A2-B8CE-3A4FF7361965}.Ad-Hoc|iPhone.Deploy.0 = Ad-Hoc|iPhone
		{F131BDB1-F4F9-47A2-B8CE-3A4FF7361965}.Ad-Hoc|iPhoneSimulator.ActiveCfg = Ad-Hoc|iPhoneSimulator
		{F131BDB1-F4F9-47A2-B8CE-3A4FF7361965}.Ad-Hoc|iPhoneSimulator.Build.0 = Ad-Hoc|iPhoneSimulator
		{F131BDB1-F4F9-47A2-B8CE-3A4FF7361965}.Ad-Hoc|iPhoneSimulator.Deploy.0 = Ad-Hoc|iPhoneSimulator
		{F131BDB1-F4F9-47A2-B8CE-3A4FF7361965}.AppStore|Any CPU.ActiveCfg = AppStore|iPhone
		{F131BDB1-F4F9-47A2-B8CE-3A4FF7361965}.AppStore|Any CPU.Build.0 = AppStore|iPhone
		{F131BDB1-F4F9-47A2-B8CE-3A4FF7361965}.AppStore|Any CPU.Deploy.0 = AppStore|iPhone
		{F131BDB1-F4F9-47A2-B8CE-3A4FF7361965}.AppStore|iPhone.ActiveCfg = AppStore|iPhone
		{F131BDB1-F4F9-47A2-B8CE-3A4FF7361965}.AppStore|iPhone.Build.0 = AppStore|iPhone
		{F131BDB1-F4F9-47A2-B8CE-3A4FF7361965}.AppStore|iPhone.Deploy.0 = AppStore|iPhone
		{F131BDB1-F4F9-47A2-B8CE-3A4FF7361965}.AppStore|iPhoneSimulator.ActiveCfg = AppStore|iPhoneSimulator
		{F131BDB1-F4F9-47A2-B8CE-3A4FF7361965}.AppStore|iPhoneSimulator.Build.0 = AppStore|iPhoneSimulator
		{F131BDB1-F4F9-47A2-B8CE-3A4FF7361965}.AppStore|iPhoneSimulator.Deploy.0 = AppStore|iPhoneSimulator
		{F131BDB1-F4F9-47A2-B8CE-3A4FF7361965}.Debug|Any CPU.ActiveCfg = Debug|iPhoneSimulator
		{F131BDB1-F4F9-47A2-B8CE-3A4FF7361965}.Debug|Any CPU.Build.0 = Debug|iPhoneSimulator
		{F131BDB1-F4F9-47A2-B8CE-3A4FF7361965}.Debug|Any CPU.Deploy.0 = Debug|iPhoneSimulator
		{F131BDB1-F4F9-47A2-B8CE-3A4FF7361965}.Debug|iPhone.ActiveCfg = Debug|iPhone
		{F131BDB1-F4F9-47A2-B8CE-3A4FF7361965}.Debug|iPhone.Build.0 = Debug|iPhone
		{F131BDB1-F4F9-47A2-B8CE-3A4FF7361965}.Debug|iPhone.Deploy.0 = Debug|iPhone
		{F131BDB1-F4F9-47A2-B8CE-3A4FF7361965}.Debug|iPhoneSimulator.ActiveCfg = Debug|iPhoneSimulator
		{F131BDB1-F4F9-47A2-B8CE-3A4FF7361965}.Debug|iPhoneSimulator.Build.0 = Debug|iPhoneSimulator
		{F131BDB1-F4F9-47A2-B8CE-3A4FF7361965}.Debug|iPhoneSimulator.Deploy.0 = Debug|iPhoneSimulator
		{F131BDB1-F4F9-47A2-B8CE-3A4FF7361965}.Release|Any CPU.ActiveCfg = Release|iPhone
		{F131BDB1-F4F9-47A2-B8CE-3A4FF7361965}.Release|Any CPU.Build.0 = Release|iPhone
		{F131BDB1-F4F9-47A2-B8CE-3A4FF7361965}.Release|Any CPU.Deploy.0 = Release|iPhone
		{F131BDB1-F4F9-47A2-B8CE-3A4FF7361965}.Release|iPhone.ActiveCfg = Release|iPhone
		{F131BDB1-F4F9-47A2-B8CE-3A4FF7361965}.Release|iPhone.Build.0 = Release|iPhone
		{F131BDB1-F4F9-47A2-B8CE-3A4FF7361965}.Release|iPhone.Deploy.0 = Release|iPhone
		{F131BDB1-F4F9-47A2-B8CE-3A4FF7361965}.Release|iPhoneSimulator.ActiveCfg = Release|iPhoneSimulator
		{F131BDB1-F4F9-47A2-B8CE-3A4FF7361965}.Release|iPhoneSimulator.Build.0 = Release|iPhoneSimulator
		{F131BDB1-F4F9-47A2-B8CE-3A4FF7361965}.Release|iPhoneSimulator.Deploy.0 = Release|iPhoneSimulator
		{BBFFAECA-73DE-47F0-8F8D-880F8C82F5D7}.Ad-Hoc|Any CPU.ActiveCfg = Debug|Any CPU
		{BBFFAECA-73DE-47F0-8F8D-880F8C82F5D7}.Ad-Hoc|Any CPU.Build.0 = Debug|Any CPU
		{BBFFAECA-73DE-47F0-8F8D-880F8C82F5D7}.Ad-Hoc|Any CPU.Deploy.0 = Debug|Any CPU
		{BBFFAECA-73DE-47F0-8F8D-880F8C82F5D7}.Ad-Hoc|iPhone.ActiveCfg = Debug|Any CPU
		{BBFFAECA-73DE-47F0-8F8D-880F8C82F5D7}.Ad-Hoc|iPhone.Build.0 = Debug|Any CPU
		{BBFFAECA-73DE-47F0-8F8D-880F8C82F5D7}.Ad-Hoc|iPhone.Deploy.0 = Debug|Any CPU
		{BBFFAECA-73DE-47F0-8F8D-880F8C82F5D7}.Ad-Hoc|iPhoneSimulator.ActiveCfg = Debug|Any CPU
		{BBFFAECA-73DE-47F0-8F8D-880F8C82F5D7}.Ad-Hoc|iPhoneSimulator.Build.0 = Debug|Any CPU
		{BBFFAECA-73DE-47F0-8F8D-880F8C82F5D7}.Ad-Hoc|iPhoneSimulator.Deploy.0 = Debug|Any CPU
		{BBFFAECA-73DE-47F0-8F8D-880F8C82F5D7}.AppStore|Any CPU.ActiveCfg = Debug|Any CPU
		{BBFFAECA-73DE-47F0-8F8D-880F8C82F5D7}.AppStore|Any CPU.Build.0 = Debug|Any CPU
		{BBFFAECA-73DE-47F0-8F8D-880F8C82F5D7}.AppStore|Any CPU.Deploy.0 = Debug|Any CPU
		{BBFFAECA-73DE-47F0-8F8D-880F8C82F5D7}.AppStore|iPhone.ActiveCfg = Debug|Any CPU
		{BBFFAECA-73DE-47F0-8F8D-880F8C82F5D7}.AppStore|iPhone.Build.0 = Debug|Any CPU
		{BBFFAECA-73DE-47F0-8F8D-880F8C82F5D7}.AppStore|iPhone.Deploy.0 = Debug|Any CPU
		{BBFFAECA-73DE-47F0-8F8D-880F8C82F5D7}.AppStore|iPhoneSimulator.ActiveCfg = Debug|Any CPU
		{BBFFAECA-73DE-47F0-8F8D-880F8C82F5D7}.AppStore|iPhoneSimulator.Build.0 = Debug|Any CPU
		{BBFFAECA-73DE-47F0-8F8D-880F8C82F5D7}.AppStore|iPhoneSimulator.Deploy.0 = Debug|Any CPU
		{BBFFAECA-73DE-47F0-8F8D-880F8C82F5D7}.Debug|Any CPU.ActiveCfg = Debug|Any CPU
		{BBFFAECA-73DE-47F0-8F8D-880F8C82F5D7}.Debug|Any CPU.Build.0 = Debug|Any CPU
		{BBFFAECA-73DE-47F0-8F8D-880F8C82F5D7}.Debug|Any CPU.Deploy.0 = Debug|Any CPU
		{BBFFAECA-73DE-47F0-8F8D-880F8C82F5D7}.Debug|iPhone.ActiveCfg = Debug|Any CPU
		{BBFFAECA-73DE-47F0-8F8D-880F8C82F5D7}.Debug|iPhone.Build.0 = Debug|Any CPU
		{BBFFAECA-73DE-47F0-8F8D-880F8C82F5D7}.Debug|iPhone.Deploy.0 = Debug|Any CPU
		{BBFFAECA-73DE-47F0-8F8D-880F8C82F5D7}.Debug|iPhoneSimulator.ActiveCfg = Debug|Any CPU
		{BBFFAECA-73DE-47F0-8F8D-880F8C82F5D7}.Debug|iPhoneSimulator.Build.0 = Debug|Any CPU
		{BBFFAECA-73DE-47F0-8F8D-880F8C82F5D7}.Debug|iPhoneSimulator.Deploy.0 = Debug|Any CPU
		{BBFFAECA-73DE-47F0-8F8D-880F8C82F5D7}.Release|Any CPU.ActiveCfg = Release|Any CPU
		{BBFFAECA-73DE-47F0-8F8D-880F8C82F5D7}.Release|Any CPU.Build.0 = Release|Any CPU
		{BBFFAECA-73DE-47F0-8F8D-880F8C82F5D7}.Release|Any CPU.Deploy.0 = Release|Any CPU
		{BBFFAECA-73DE-47F0-8F8D-880F8C82F5D7}.Release|iPhone.ActiveCfg = Release|Any CPU
		{BBFFAECA-73DE-47F0-8F8D-880F8C82F5D7}.Release|iPhone.Build.0 = Release|Any CPU
		{BBFFAECA-73DE-47F0-8F8D-880F8C82F5D7}.Release|iPhone.Deploy.0 = Release|Any CPU
		{BBFFAECA-73DE-47F0-8F8D-880F8C82F5D7}.Release|iPhoneSimulator.ActiveCfg = Release|Any CPU
		{BBFFAECA-73DE-47F0-8F8D-880F8C82F5D7}.Release|iPhoneSimulator.Build.0 = Release|Any CPU
		{BBFFAECA-73DE-47F0-8F8D-880F8C82F5D7}.Release|iPhoneSimulator.Deploy.0 = Release|Any CPU
	EndGlobalSection
	GlobalSection(SolutionProperties) = preSolution
		HideSolutionNode = FALSE
	EndGlobalSection
	GlobalSection(ExtensibilityGlobals) = postSolution
		SolutionGuid = {AD6489FE-AABF-4FDF-9837-2F25F3F1BCE1}
	EndGlobalSection
EndGlobal
